
Microsoft Visual Studio Solution File, Format Version 12.00
# Visual Studio Version 16
VisualStudioVersion = 16.0.31410.357
MinimumVisualStudioVersion = 10.0.40219.1
Project("{FAE04EC0-301F-11D3-BF4B-00C04F79EFBC}") = "WEB07-MF935-NDDAT", "WEB07-MF935-NDDAT\WEB07-MF935-NDDAT.csproj", "{28A4C9AD-5034-4803-8041-433417968000}"
EndProject
Project("{FAE04EC0-301F-11D3-BF4B-00C04F79EFBC}") = "MISA.Core", "MISA.Core\MISA.Core.csproj", "{800EE4C1-5406-4366-B72D-ADA2EEEC4508}"
EndProject
Project("{FAE04EC0-301F-11D3-BF4B-00C04F79EFBC}") = "MISA.infrastructure", "MISA.infrastructure\MISA.infrastructure.csproj", "{9A3017DB-38EF-47FA-9FD0-3E6E3618EDD7}"
EndProject
Global
	GlobalSection(SolutionConfigurationPlatforms) = preSolution
		Debug|Any CPU = Debug|Any CPU
		Release|Any CPU = Release|Any CPU
	EndGlobalSection
	GlobalSection(ProjectConfigurationPlatforms) = postSolution
		{28A4C9AD-5034-4803-8041-433417968000}.Debug|Any CPU.ActiveCfg = Debug|Any CPU
		{28A4C9AD-5034-4803-8041-433417968000}.Debug|Any CPU.Build.0 = Debug|Any CPU
		{28A4C9AD-5034-4803-8041-433417968000}.Release|Any CPU.ActiveCfg = Release|Any CPU
		{28A4C9AD-5034-4803-8041-433417968000}.Release|Any CPU.Build.0 = Release|Any CPU
		{800EE4C1-5406-4366-B72D-ADA2EEEC4508}.Debug|Any CPU.ActiveCfg = Debug|Any CPU
		{800EE4C1-5406-4366-B72D-ADA2EEEC4508}.Debug|Any CPU.Build.0 = Debug|Any CPU
		{800EE4C1-5406-4366-B72D-ADA2EEEC4508}.Release|Any CPU.ActiveCfg = Release|Any CPU
		{800EE4C1-5406-4366-B72D-ADA2EEEC4508}.Release|Any CPU.Build.0 = Release|Any CPU
		{9A3017DB-38EF-47FA-9FD0-3E6E3618EDD7}.Debug|Any CPU.ActiveCfg = Debug|Any CPU
		{9A3017DB-38EF-47FA-9FD0-3E6E3618EDD7}.Debug|Any CPU.Build.0 = Debug|Any CPU
		{9A3017DB-38EF-47FA-9FD0-3E6E3618EDD7}.Release|Any CPU.ActiveCfg = Release|Any CPU
		{9A3017DB-38EF-47FA-9FD0-3E6E3618EDD7}.Release|Any CPU.Build.0 = Release|Any CPU
	EndGlobalSection
	GlobalSection(SolutionProperties) = preSolution
		HideSolutionNode = FALSE
	EndGlobalSection
	GlobalSection(ExtensibilityGlobals) = postSolution
		SolutionGuid = {FD6DC4E3-6AF7-4CF6-993D-6E148F11A2F8}
	EndGlobalSection
EndGlobal
